
Microsoft Visual Studio Solution File, Format Version 12.00
# Visual Studio Version 17
VisualStudioVersion = 17.0.31903.59
MinimumVisualStudioVersion = 10.0.40219.1
Project("{2150E333-8FDC-42A3-9474-1A3956D46DE8}") = "src", "src", "{8238632F-EF23-4D85-90D1-9D0C587CF417}"
EndProject
Project("{F2A71F9B-5D33-465A-A702-920D77279786}") = "Beatha", "src\Beatha\Beatha.fsproj", "{53DC0B57-6896-43F3-B211-5BF8A739AAAA}"
EndProject
Project("{F2A71F9B-5D33-465A-A702-920D77279786}") = "Beatha.Tests", "src\Beatha.Tests\Beatha.Tests.fsproj", "{3A38287B-D6AB-48F1-BB43-272C96534A5C}"
EndProject
Global
	GlobalSection(SolutionConfigurationPlatforms) = preSolution
		Debug|Any CPU = Debug|Any CPU
		Release|Any CPU = Release|Any CPU
	EndGlobalSection
	GlobalSection(SolutionProperties) = preSolution
		HideSolutionNode = FALSE
	EndGlobalSection
	GlobalSection(ProjectConfigurationPlatforms) = postSolution
		{53DC0B57-6896-43F3-B211-5BF8A739AAAA}.Debug|Any CPU.ActiveCfg = Debug|Any CPU
		{53DC0B57-6896-43F3-B211-5BF8A739AAAA}.Debug|Any CPU.Build.0 = Debug|Any CPU
		{53DC0B57-6896-43F3-B211-5BF8A739AAAA}.Release|Any CPU.ActiveCfg = Release|Any CPU
		{53DC0B57-6896-43F3-B211-5BF8A739AAAA}.Release|Any CPU.Build.0 = Release|Any CPU
		{3A38287B-D6AB-48F1-BB43-272C96534A5C}.Debug|Any CPU.ActiveCfg = Debug|Any CPU
		{3A38287B-D6AB-48F1-BB43-272C96534A5C}.Debug|Any CPU.Build.0 = Debug|Any CPU
		{3A38287B-D6AB-48F1-BB43-272C96534A5C}.Release|Any CPU.ActiveCfg = Release|Any CPU
		{3A38287B-D6AB-48F1-BB43-272C96534A5C}.Release|Any CPU.Build.0 = Release|Any CPU
	EndGlobalSection
	GlobalSection(NestedProjects) = preSolution
		{53DC0B57-6896-43F3-B211-5BF8A739AAAA} = {8238632F-EF23-4D85-90D1-9D0C587CF417}
		{3A38287B-D6AB-48F1-BB43-272C96534A5C} = {8238632F-EF23-4D85-90D1-9D0C587CF417}
	EndGlobalSection
EndGlobal
